
Microsoft Visual Studio Solution File, Format Version 12.00
# Visual Studio Version 17
VisualStudioVersion = 17.14.36121.58 d17.14
MinimumVisualStudioVersion = 10.0.40219.1
Project("{FAE04EC0-301F-11D3-BF4B-00C04F79EFBC}") = "SingletonMethodDemo", "SingletonMethodDemo\SingletonMethodDemo.csproj", "{CDC8BF73-29AC-4D9D-9D77-1E266B283D82}"
EndProject
Project("{FAE04EC0-301F-11D3-BF4B-00C04F79EFBC}") = "SingletonMethodClass", "SingletonMethodClass\SingletonMethodClass.csproj", "{5D6FA829-5A4B-4D31-A809-09206AEF625F}"
EndProject
Project("{FAE04EC0-301F-11D3-BF4B-00C04F79EFBC}") = "SingletonMethodApp", "SingletonMethodApp\SingletonMethodApp.csproj", "{AD9DF225-4B9F-4F35-B7DC-40C640781A33}"
EndProject
Global
	GlobalSection(SolutionConfigurationPlatforms) = preSolution
		Debug|Any CPU = Debug|Any CPU
		Release|Any CPU = Release|Any CPU
	EndGlobalSection
	GlobalSection(ProjectConfigurationPlatforms) = postSolution
		{CDC8BF73-29AC-4D9D-9D77-1E266B283D82}.Debug|Any CPU.ActiveCfg = Debug|Any CPU
		{CDC8BF73-29AC-4D9D-9D77-1E266B283D82}.Debug|Any CPU.Build.0 = Debug|Any CPU
		{CDC8BF73-29AC-4D9D-9D77-1E266B283D82}.Release|Any CPU.ActiveCfg = Release|Any CPU
		{CDC8BF73-29AC-4D9D-9D77-1E266B283D82}.Release|Any CPU.Build.0 = Release|Any CPU
		{5D6FA829-5A4B-4D31-A809-09206AEF625F}.Debug|Any CPU.ActiveCfg = Debug|Any CPU
		{5D6FA829-5A4B-4D31-A809-09206AEF625F}.Debug|Any CPU.Build.0 = Debug|Any CPU
		{5D6FA829-5A4B-4D31-A809-09206AEF625F}.Release|Any CPU.ActiveCfg = Release|Any CPU
		{5D6FA829-5A4B-4D31-A809-09206AEF625F}.Release|Any CPU.Build.0 = Release|Any CPU
		{AD9DF225-4B9F-4F35-B7DC-40C640781A33}.Debug|Any CPU.ActiveCfg = Debug|Any CPU
		{AD9DF225-4B9F-4F35-B7DC-40C640781A33}.Debug|Any CPU.Build.0 = Debug|Any CPU
		{AD9DF225-4B9F-4F35-B7DC-40C640781A33}.Release|Any CPU.ActiveCfg = Release|Any CPU
		{AD9DF225-4B9F-4F35-B7DC-40C640781A33}.Release|Any CPU.Build.0 = Release|Any CPU
	EndGlobalSection
	GlobalSection(SolutionProperties) = preSolution
		HideSolutionNode = FALSE
	EndGlobalSection
	GlobalSection(ExtensibilityGlobals) = postSolution
		SolutionGuid = {5BB1707D-6091-4AA5-876C-7302AD43C531}
	EndGlobalSection
EndGlobal
